
Microsoft Visual Studio Solution File, Format Version 12.00
# Visual Studio Version 17
VisualStudioVersion = 17.1.32421.90
MinimumVisualStudioVersion = 10.0.40219.1
Project("{FAE04EC0-301F-11D3-BF4B-00C04F79EFBC}") = "YouBlock", "YouBlock\YouBlock.csproj", "{03B63DBC-37D6-4312-98C9-CB3392B39222}"
EndProject
Global
	GlobalSection(SolutionConfigurationPlatforms) = preSolution
		Debug|Any CPU = Debug|Any CPU
		Release|Any CPU = Release|Any CPU
	EndGlobalSection
	GlobalSection(ProjectConfigurationPlatforms) = postSolution
		{03B63DBC-37D6-4312-98C9-CB3392B39222}.Debug|Any CPU.ActiveCfg = Debug|Any CPU
		{03B63DBC-37D6-4312-98C9-CB3392B39222}.Debug|Any CPU.Build.0 = Debug|Any CPU
		{03B63DBC-37D6-4312-98C9-CB3392B39222}.Release|Any CPU.ActiveCfg = Release|Any CPU
		{03B63DBC-37D6-4312-98C9-CB3392B39222}.Release|Any CPU.Build.0 = Release|Any CPU
	EndGlobalSection
	GlobalSection(SolutionProperties) = preSolution
		HideSolutionNode = FALSE
	EndGlobalSection
	GlobalSection(ExtensibilityGlobals) = postSolution
		SolutionGuid = {56570E79-C504-411D-BDA7-B88DAB2DF74B}
	EndGlobalSection
EndGlobal
